
Microsoft Visual Studio Solution File, Format Version 12.00
# Visual Studio 15
VisualStudioVersion = 15.0.28307.438
MinimumVisualStudioVersion = 10.0.40219.1
Project("{FAE04EC0-301F-11D3-BF4B-00C04F79EFBC}") = "FishingNet", "FishingNet\FishingNet.csproj", "{C2884E6D-7083-4B65-AF52-89EB1665AF07}"
EndProject
Global
	GlobalSection(SolutionConfigurationPlatforms) = preSolution
		Debug|Any CPU = Debug|Any CPU
		Release|Any CPU = Release|Any CPU
	EndGlobalSection
	GlobalSection(ProjectConfigurationPlatforms) = postSolution
		{C2884E6D-7083-4B65-AF52-89EB1665AF07}.Debug|Any CPU.ActiveCfg = Debug|Any CPU
		{C2884E6D-7083-4B65-AF52-89EB1665AF07}.Debug|Any CPU.Build.0 = Debug|Any CPU
		{C2884E6D-7083-4B65-AF52-89EB1665AF07}.Release|Any CPU.ActiveCfg = Release|Any CPU
		{C2884E6D-7083-4B65-AF52-89EB1665AF07}.Release|Any CPU.Build.0 = Release|Any CPU
	EndGlobalSection
	GlobalSection(SolutionProperties) = preSolution
		HideSolutionNode = FALSE
	EndGlobalSection
	GlobalSection(ExtensibilityGlobals) = postSolution
		SolutionGuid = {7EA70A5E-73AA-40AE-9D50-C47DB8DD46A1}
	EndGlobalSection
EndGlobal
